<Solution>
  <Folder Name="/build/">
    <File Path="Directory.Build.props" />
    <File Path="Directory.Packages.props" />
    <File Path="global.json" />
    <File Path="README.md" />
  </Folder>
  <Folder Name="/src/">
    <Project Path="src/RcloneEncrypt/RcloneEncrypt.csproj" />
  </Folder>
  <Folder Name="/tests/">
    <Project Path="tests/RcloneEncrypt.Tests/RcloneEncrypt.Tests.csproj" />
  </Folder>
</Solution>
